
Microsoft Visual Studio Solution File, Format Version 12.00
# Visual Studio 14
VisualStudioVersion = 14.0.25420.1
MinimumVisualStudioVersion = 10.0.40219.1
Project("{FAE04EC0-301F-11D3-BF4B-00C04F79EFBC}") = "WebApplication4", "WebApplication4\WebApplication4.csproj", "{4C033909-25CF-4329-AB74-51048CE1EC57}"
EndProject
Project("{FAE04EC0-301F-11D3-BF4B-00C04F79EFBC}") = "Faster.Notification", "D:\DynamicAdmin\Faster.Notification\Faster.Notification.csproj", "{9A52284C-52BF-4983-8A65-4B052C714590}"
EndProject
Global
	GlobalSection(SolutionConfigurationPlatforms) = preSolution
		Debug|Any CPU = Debug|Any CPU
		Release|Any CPU = Release|Any CPU
	EndGlobalSection
	GlobalSection(ProjectConfigurationPlatforms) = postSolution
		{4C033909-25CF-4329-AB74-51048CE1EC57}.Debug|Any CPU.ActiveCfg = Debug|Any CPU
		{4C033909-25CF-4329-AB74-51048CE1EC57}.Debug|Any CPU.Build.0 = Debug|Any CPU
		{4C033909-25CF-4329-AB74-51048CE1EC57}.Release|Any CPU.ActiveCfg = Release|Any CPU
		{4C033909-25CF-4329-AB74-51048CE1EC57}.Release|Any CPU.Build.0 = Release|Any CPU
		{9A52284C-52BF-4983-8A65-4B052C714590}.Debug|Any CPU.ActiveCfg = Debug|Any CPU
		{9A52284C-52BF-4983-8A65-4B052C714590}.Debug|Any CPU.Build.0 = Debug|Any CPU
		{9A52284C-52BF-4983-8A65-4B052C714590}.Release|Any CPU.ActiveCfg = Release|Any CPU
		{9A52284C-52BF-4983-8A65-4B052C714590}.Release|Any CPU.Build.0 = Release|Any CPU
	EndGlobalSection
	GlobalSection(SolutionProperties) = preSolution
		HideSolutionNode = FALSE
	EndGlobalSection
EndGlobal
